hash: 8d47bf6ac557337b075035b57d9417dbee7af7dd5801c8927023a4bd307b66d4
updated: 2017-12-05T08:49:18.222243351+01:00
imports:
- name: github.com/gogo/protobuf
  version: 2adc21fd136931e0388e278825291678e1d98309
  subpackages:
  - proto
- name: github.com/instana/golang-sensor
  version: 617508adcd8f9897c995c6cf771c39ac645bbad3
- name: github.com/looplab/fsm
  version: bcc3636384ce80a109a6039432b30ff5b82476ee
- name: github.com/opentracing/basictracer-go
  version: 1b32af207119a14b1b231d451df3ed04a72efebf
  subpackages:
  - wire
- name: github.com/zalando/skipper
  version: b55f1ba8817240684c58106f1f2c5c664179b5e1
  subpackages:
  - tracing
testImports: []
